
Microsoft Visual Studio Solution File, Format Version 12.00
# Visual Studio Version 16
VisualStudioVersion = 16.0.31424.327
MinimumVisualStudioVersion = 10.0.40219.1
Project("{9A19103F-16F7-4668-BE54-9A1E7A4F7556}") = "OTSv9", "OTSv9\OTSv9.csproj", "{93B2B135-D2C0-4E3F-8854-5313CDCDCF62}"
EndProject
Global
	GlobalSection(SolutionConfigurationPlatforms) = preSolution
		Debug|Any CPU = Debug|Any CPU
		Release|Any CPU = Release|Any CPU
	EndGlobalSection
	GlobalSection(ProjectConfigurationPlatforms) = postSolution
		{93B2B135-D2C0-4E3F-8854-5313CDCDCF62}.Debug|Any CPU.ActiveCfg = Debug|Any CPU
		{93B2B135-D2C0-4E3F-8854-5313CDCDCF62}.Debug|Any CPU.Build.0 = Debug|Any CPU
		{93B2B135-D2C0-4E3F-8854-5313CDCDCF62}.Release|Any CPU.ActiveCfg = Release|Any CPU
		{93B2B135-D2C0-4E3F-8854-5313CDCDCF62}.Release|Any CPU.Build.0 = Release|Any CPU
	EndGlobalSection
	GlobalSection(SolutionProperties) = preSolution
		HideSolutionNode = FALSE
	EndGlobalSection
	GlobalSection(ExtensibilityGlobals) = postSolution
		SolutionGuid = {534FC1A1-495D-4C23-A5E1-B980982C5555}
	EndGlobalSection
EndGlobal
